
Microsoft Visual Studio Solution File, Format Version 12.00
# Visual Studio Version 17
VisualStudioVersion = 17.14.36408.4 d17.14
MinimumVisualStudioVersion = 10.0.40219.1
Project("{FAE04EC0-301F-11D3-BF4B-00C04F79EFBC}") = "ProductWEBAPI", "ProductWEBAPI\ProductWEBAPI.csproj", "{49AC8B28-0876-4691-99A0-C74477F744D7}"
EndProject
Global
	GlobalSection(SolutionConfigurationPlatforms) = preSolution
		Debug|Any CPU = Debug|Any CPU
		Release|Any CPU = Release|Any CPU
	EndGlobalSection
	GlobalSection(ProjectConfigurationPlatforms) = postSolution
		{49AC8B28-0876-4691-99A0-C74477F744D7}.Debug|Any CPU.ActiveCfg = Debug|Any CPU
		{49AC8B28-0876-4691-99A0-C74477F744D7}.Debug|Any CPU.Build.0 = Debug|Any CPU
		{49AC8B28-0876-4691-99A0-C74477F744D7}.Release|Any CPU.ActiveCfg = Release|Any CPU
		{49AC8B28-0876-4691-99A0-C74477F744D7}.Release|Any CPU.Build.0 = Release|Any CPU
	EndGlobalSection
	GlobalSection(SolutionProperties) = preSolution
		HideSolutionNode = FALSE
	EndGlobalSection
	GlobalSection(ExtensibilityGlobals) = postSolution
		SolutionGuid = {CEC71CDE-C843-4DE4-9448-FE9AF09992FB}
	EndGlobalSection
EndGlobal
